
Microsoft Visual Studio Solution File, Format Version 12.00
# Visual Studio Version 17
VisualStudioVersion = 17.3.32825.248
MinimumVisualStudioVersion = 10.0.40219.1
Project("{FAE04EC0-301F-11D3-BF4B-00C04F79EFBC}") = "P01ZadaniePogoda", "P01ZadaniePogoda\P01ZadaniePogoda.csproj", "{972BE062-BA64-47B2-B229-84676565FEEF}"
EndProject
Project("{FAE04EC0-301F-11D3-BF4B-00C04F79EFBC}") = "P02WebClient", "P02WebClient\P02WebClient.csproj", "{29013AF7-509C-4608-9F86-FD341A5DDA99}"
EndProject
Project("{FAE04EC0-301F-11D3-BF4B-00C04F79EFBC}") = "P03Tablice", "P03Tablice\P03Tablice.csproj", "{F3ACAF6A-0AA7-437F-8417-A8F082A4FAA7}"
EndProject
Project("{FAE04EC0-301F-11D3-BF4B-00C04F79EFBC}") = "P04ZadanieTablice", "P04ZadanieTablice\P04ZadanieTablice.csproj", "{DF482E97-20C8-46E9-B6BD-7E1A48515DE7}"
EndProject
Project("{FAE04EC0-301F-11D3-BF4B-00C04F79EFBC}") = "P05TabliceANapisy", "P05TabliceANapisy\P05TabliceANapisy.csproj", "{AC9467B0-5DE3-4EEE-9703-D5D292A3E3EA}"
EndProject
Project("{FAE04EC0-301F-11D3-BF4B-00C04F79EFBC}") = "P06Listy", "P06Listy\P06Listy.csproj", "{2F2FF79C-4B28-406E-BBDA-B7D414C6CBC9}"
EndProject
Project("{FAE04EC0-301F-11D3-BF4B-00C04F79EFBC}") = "P07ZadaniePogoda2", "P07ZadaniePogoda2\P07ZadaniePogoda2.csproj", "{38B5AB96-E164-43F6-8F81-52F2749DE2F3}"
EndProject
Project("{FAE04EC0-301F-11D3-BF4B-00C04F79EFBC}") = "P08ZadanieZawodnicy", "P08ZadanieZawodnicy\P08ZadanieZawodnicy.csproj", "{718A95CE-766A-43F1-A4C8-D5C48CFEA348}"
EndProject
Project("{FAE04EC0-301F-11D3-BF4B-00C04F79EFBC}") = "P09TabliceWielowymiarowe", "P09TabliceWielowymiarowe\P09TabliceWielowymiarowe.csproj", "{170C0322-BDFC-4E18-8E11-244F159FB5F6}"
EndProject
Global
	GlobalSection(SolutionConfigurationPlatforms) = preSolution
		Debug|Any CPU = Debug|Any CPU
		Release|Any CPU = Release|Any CPU
	EndGlobalSection
	GlobalSection(ProjectConfigurationPlatforms) = postSolution
		{972BE062-BA64-47B2-B229-84676565FEEF}.Debug|Any CPU.ActiveCfg = Debug|Any CPU
		{972BE062-BA64-47B2-B229-84676565FEEF}.Debug|Any CPU.Build.0 = Debug|Any CPU
		{972BE062-BA64-47B2-B229-84676565FEEF}.Release|Any CPU.ActiveCfg = Release|Any CPU
		{972BE062-BA64-47B2-B229-84676565FEEF}.Release|Any CPU.Build.0 = Release|Any CPU
		{29013AF7-509C-4608-9F86-FD341A5DDA99}.Debug|Any CPU.ActiveCfg = Debug|Any CPU
		{29013AF7-509C-4608-9F86-FD341A5DDA99}.Debug|Any CPU.Build.0 = Debug|Any CPU
		{29013AF7-509C-4608-9F86-FD341A5DDA99}.Release|Any CPU.ActiveCfg = Release|Any CPU
		{29013AF7-509C-4608-9F86-FD341A5DDA99}.Release|Any CPU.Build.0 = Release|Any CPU
		{F3ACAF6A-0AA7-437F-8417-A8F082A4FAA7}.Debug|Any CPU.ActiveCfg = Debug|Any CPU
		{F3ACAF6A-0AA7-437F-8417-A8F082A4FAA7}.Debug|Any CPU.Build.0 = Debug|Any CPU
		{F3ACAF6A-0AA7-437F-8417-A8F082A4FAA7}.Release|Any CPU.ActiveCfg = Release|Any CPU
		{F3ACAF6A-0AA7-437F-8417-A8F082A4FAA7}.Release|Any CPU.Build.0 = Release|Any CPU
		{DF482E97-20C8-46E9-B6BD-7E1A48515DE7}.Debug|Any CPU.ActiveCfg = Debug|Any CPU
		{DF482E97-20C8-46E9-B6BD-7E1A48515DE7}.Debug|Any CPU.Build.0 = Debug|Any CPU
		{DF482E97-20C8-46E9-B6BD-7E1A48515DE7}.Release|Any CPU.ActiveCfg = Release|Any CPU
		{DF482E97-20C8-46E9-B6BD-7E1A48515DE7}.Release|Any CPU.Build.0 = Release|Any CPU
		{AC9467B0-5DE3-4EEE-9703-D5D292A3E3EA}.Debug|Any CPU.ActiveCfg = Debug|Any CPU
		{AC9467B0-5DE3-4EEE-9703-D5D292A3E3EA}.Debug|Any CPU.Build.0 = Debug|Any CPU
		{AC9467B0-5DE3-4EEE-9703-D5D292A3E3EA}.Release|Any CPU.ActiveCfg = Release|Any CPU
		{AC9467B0-5DE3-4EEE-9703-D5D292A3E3EA}.Release|Any CPU.Build.0 = Release|Any CPU
		{2F2FF79C-4B28-406E-BBDA-B7D414C6CBC9}.Debug|Any CPU.ActiveCfg = Debug|Any CPU
		{2F2FF79C-4B28-406E-BBDA-B7D414C6CBC9}.Debug|Any CPU.Build.0 = Debug|Any CPU
		{2F2FF79C-4B28-406E-BBDA-B7D414C6CBC9}.Release|Any CPU.ActiveCfg = Release|Any CPU
		{2F2FF79C-4B28-406E-BBDA-B7D414C6CBC9}.Release|Any CPU.Build.0 = Release|Any CPU
		{38B5AB96-E164-43F6-8F81-52F2749DE2F3}.Debug|Any CPU.ActiveCfg = Debug|Any CPU
		{38B5AB96-E164-43F6-8F81-52F2749DE2F3}.Debug|Any CPU.Build.0 = Debug|Any CPU
		{38B5AB96-E164-43F6-8F81-52F2749DE2F3}.Release|Any CPU.ActiveCfg = Release|Any CPU
		{38B5AB96-E164-43F6-8F81-52F2749DE2F3}.Release|Any CPU.Build.0 = Release|Any CPU
		{718A95CE-766A-43F1-A4C8-D5C48CFEA348}.Debug|Any CPU.ActiveCfg = Debug|Any CPU
		{718A95CE-766A-43F1-A4C8-D5C48CFEA348}.Debug|Any CPU.Build.0 = Debug|Any CPU
		{718A95CE-766A-43F1-A4C8-D5C48CFEA348}.Release|Any CPU.ActiveCfg = Release|Any CPU
		{718A95CE-766A-43F1-A4C8-D5C48CFEA348}.Release|Any CPU.Build.0 = Release|Any CPU
		{170C0322-BDFC-4E18-8E11-244F159FB5F6}.Debug|Any CPU.ActiveCfg = Debug|Any CPU
		{170C0322-BDFC-4E18-8E11-244F159FB5F6}.Debug|Any CPU.Build.0 = Debug|Any CPU
		{170C0322-BDFC-4E18-8E11-244F159FB5F6}.Release|Any CPU.ActiveCfg = Release|Any CPU
		{170C0322-BDFC-4E18-8E11-244F159FB5F6}.Release|Any CPU.Build.0 = Release|Any CPU
	EndGlobalSection
	GlobalSection(SolutionProperties) = preSolution
		HideSolutionNode = FALSE
	EndGlobalSection
	GlobalSection(ExtensibilityGlobals) = postSolution
		SolutionGuid = {090BD2C6-9580-493C-8BDA-35D6448D5704}
	EndGlobalSection
EndGlobal
